
Microsoft Visual Studio Solution File, Format Version 12.00
# Visual Studio Version 16
VisualStudioVersion = 16.0.30028.174
MinimumVisualStudioVersion = 10.0.40219.1
Project("{9A19103F-16F7-4668-BE54-9A1E7A4F7556}") = "CoreBase", "CoreBase\CoreBase.csproj", "{B88C5FC2-0C82-48D9-A53F-3622961BD029}"
EndProject
Project("{9A19103F-16F7-4668-BE54-9A1E7A4F7556}") = "cToolkit", "cToolkit\cToolkit.csproj", "{D8504F8D-D860-400B-ADF8-8B6D37AE2EC2}"
EndProject
Project("{9A19103F-16F7-4668-BE54-9A1E7A4F7556}") = "CoreAngular", "CoreAngular\CoreAngular.csproj", "{F4BFD53E-FD0F-406C-8201-B78D1A7645EE}"
EndProject
Project("{9A19103F-16F7-4668-BE54-9A1E7A4F7556}") = "CoreReact", "CoreReact\CoreReact.csproj", "{56D1D5BA-C0D7-4B31-9D31-3D96CBB1830B}"
EndProject
Project("{9A19103F-16F7-4668-BE54-9A1E7A4F7556}") = "CoreRazor", "CoreRazor\CoreRazor.csproj", "{D11C9A53-9245-40EA-811E-B48A92B86F5E}"
EndProject
Global
	GlobalSection(SolutionConfigurationPlatforms) = preSolution
		Debug|Any CPU = Debug|Any CPU
		Release|Any CPU = Release|Any CPU
	EndGlobalSection
	GlobalSection(ProjectConfigurationPlatforms) = postSolution
		{B88C5FC2-0C82-48D9-A53F-3622961BD029}.Debug|Any CPU.ActiveCfg = Debug|Any CPU
		{B88C5FC2-0C82-48D9-A53F-3622961BD029}.Debug|Any CPU.Build.0 = Debug|Any CPU
		{B88C5FC2-0C82-48D9-A53F-3622961BD029}.Release|Any CPU.ActiveCfg = Release|Any CPU
		{B88C5FC2-0C82-48D9-A53F-3622961BD029}.Release|Any CPU.Build.0 = Release|Any CPU
		{D8504F8D-D860-400B-ADF8-8B6D37AE2EC2}.Debug|Any CPU.ActiveCfg = Debug|Any CPU
		{D8504F8D-D860-400B-ADF8-8B6D37AE2EC2}.Debug|Any CPU.Build.0 = Debug|Any CPU
		{D8504F8D-D860-400B-ADF8-8B6D37AE2EC2}.Release|Any CPU.ActiveCfg = Release|Any CPU
		{D8504F8D-D860-400B-ADF8-8B6D37AE2EC2}.Release|Any CPU.Build.0 = Release|Any CPU
		{F4BFD53E-FD0F-406C-8201-B78D1A7645EE}.Debug|Any CPU.ActiveCfg = Debug|Any CPU
		{F4BFD53E-FD0F-406C-8201-B78D1A7645EE}.Debug|Any CPU.Build.0 = Debug|Any CPU
		{F4BFD53E-FD0F-406C-8201-B78D1A7645EE}.Release|Any CPU.ActiveCfg = Release|Any CPU
		{F4BFD53E-FD0F-406C-8201-B78D1A7645EE}.Release|Any CPU.Build.0 = Release|Any CPU
		{56D1D5BA-C0D7-4B31-9D31-3D96CBB1830B}.Debug|Any CPU.ActiveCfg = Debug|Any CPU
		{56D1D5BA-C0D7-4B31-9D31-3D96CBB1830B}.Debug|Any CPU.Build.0 = Debug|Any CPU
		{56D1D5BA-C0D7-4B31-9D31-3D96CBB1830B}.Release|Any CPU.ActiveCfg = Release|Any CPU
		{56D1D5BA-C0D7-4B31-9D31-3D96CBB1830B}.Release|Any CPU.Build.0 = Release|Any CPU
		{D11C9A53-9245-40EA-811E-B48A92B86F5E}.Debug|Any CPU.ActiveCfg = Debug|Any CPU
		{D11C9A53-9245-40EA-811E-B48A92B86F5E}.Debug|Any CPU.Build.0 = Debug|Any CPU
		{D11C9A53-9245-40EA-811E-B48A92B86F5E}.Release|Any CPU.ActiveCfg = Release|Any CPU
		{D11C9A53-9245-40EA-811E-B48A92B86F5E}.Release|Any CPU.Build.0 = Release|Any CPU
	EndGlobalSection
	GlobalSection(SolutionProperties) = preSolution
		HideSolutionNode = FALSE
	EndGlobalSection
	GlobalSection(ExtensibilityGlobals) = postSolution
		SolutionGuid = {6BF56DA7-2A3E-4969-B098-39DA5B008F8F}
	EndGlobalSection
EndGlobal
